
Microsoft Visual Studio Solution File, Format Version 12.00
# Visual Studio 2013
VisualStudioVersion = 12.0.21005.1
MinimumVisualStudioVersion = 10.0.40219.1
Project("{FAE04EC0-301F-11D3-BF4B-00C04F79EFBC}") = "MethodCache.Fody", "MethodCache.Fody\MethodCache.Fody.csproj", "{1A9A6C8E-6B88-4FF1-9447-E37CB39AAFDE}"
EndProject
Project("{2150E333-8FDC-42A3-9474-1A3956D46DE8}") = ".nuget", ".nuget", "{725AD6BA-EA0A-4096-8688-A295844613E7}"
	ProjectSection(SolutionItems) = preProject
		.nuget\NuGet.Config = .nuget\NuGet.Config
		.nuget\NuGet.exe = .nuget\NuGet.exe
		.nuget\NuGet.targets = .nuget\NuGet.targets
	EndProjectSection
EndProject
Project("{FAE04EC0-301F-11D3-BF4B-00C04F79EFBC}") = "MethodCache.Attributes", "MethodCache.Attributes\MethodCache.Attributes.csproj", "{4F4D865D-8ABB-4554-84BB-2B7BC40E37F9}"
EndProject
Project("{FAE04EC0-301F-11D3-BF4B-00C04F79EFBC}") = "MethodCache.Tests.TestAssembly", "MethodCache.Tests.TestAssembly\MethodCache.Tests.TestAssembly.csproj", "{9159B115-0E55-44F2-867D-6FA49F6EF121}"
EndProject
Project("{FAE04EC0-301F-11D3-BF4B-00C04F79EFBC}") = "MethodCache.Tests", "MethodCache.Tests\MethodCache.Tests.csproj", "{FE7CA0F3-ABCA-409A-9794-BC2D0CE5E207}"
EndProject
Global
	GlobalSection(SolutionConfigurationPlatforms) = preSolution
		Debug|Any CPU = Debug|Any CPU
		Release|Any CPU = Release|Any CPU
	EndGlobalSection
	GlobalSection(ProjectConfigurationPlatforms) = postSolution
		{1A9A6C8E-6B88-4FF1-9447-E37CB39AAFDE}.Debug|Any CPU.ActiveCfg = Debug|Any CPU
		{1A9A6C8E-6B88-4FF1-9447-E37CB39AAFDE}.Debug|Any CPU.Build.0 = Debug|Any CPU
		{1A9A6C8E-6B88-4FF1-9447-E37CB39AAFDE}.Release|Any CPU.ActiveCfg = Release|Any CPU
		{1A9A6C8E-6B88-4FF1-9447-E37CB39AAFDE}.Release|Any CPU.Build.0 = Release|Any CPU
		{4F4D865D-8ABB-4554-84BB-2B7BC40E37F9}.Debug|Any CPU.ActiveCfg = Debug|Any CPU
		{4F4D865D-8ABB-4554-84BB-2B7BC40E37F9}.Debug|Any CPU.Build.0 = Debug|Any CPU
		{4F4D865D-8ABB-4554-84BB-2B7BC40E37F9}.Release|Any CPU.ActiveCfg = Release|Any CPU
		{4F4D865D-8ABB-4554-84BB-2B7BC40E37F9}.Release|Any CPU.Build.0 = Release|Any CPU
		{9159B115-0E55-44F2-867D-6FA49F6EF121}.Debug|Any CPU.ActiveCfg = Debug|Any CPU
		{9159B115-0E55-44F2-867D-6FA49F6EF121}.Debug|Any CPU.Build.0 = Debug|Any CPU
		{9159B115-0E55-44F2-867D-6FA49F6EF121}.Release|Any CPU.ActiveCfg = Release|Any CPU
		{9159B115-0E55-44F2-867D-6FA49F6EF121}.Release|Any CPU.Build.0 = Release|Any CPU
		{FE7CA0F3-ABCA-409A-9794-BC2D0CE5E207}.Debug|Any CPU.ActiveCfg = Debug|Any CPU
		{FE7CA0F3-ABCA-409A-9794-BC2D0CE5E207}.Debug|Any CPU.Build.0 = Debug|Any CPU
		{FE7CA0F3-ABCA-409A-9794-BC2D0CE5E207}.Release|Any CPU.ActiveCfg = Release|Any CPU
		{FE7CA0F3-ABCA-409A-9794-BC2D0CE5E207}.Release|Any CPU.Build.0 = Release|Any CPU
	EndGlobalSection
	GlobalSection(SolutionProperties) = preSolution
		HideSolutionNode = FALSE
	EndGlobalSection
EndGlobal
